
Microsoft Visual Studio Solution File, Format Version 12.00
# Visual Studio Version 17
VisualStudioVersion = 17.8.34511.84
MinimumVisualStudioVersion = 10.0.40219.1
Project("{9A19103F-16F7-4668-BE54-9A1E7A4F7556}") = "WidgetDrawingPackage", "WidgetDrawingPackage.csproj", "{D9834F39-72F8-4DF8-9ADC-D26CDF3283BC}"
EndProject
Project("{FAE04EC0-301F-11D3-BF4B-00C04F79EFBC}") = "WidgetDrawingPackage.Tests", "..\WidgetDrawingPackage.Tests\WidgetDrawingPackage.Tests.csproj", "{CD6E5216-14DA-4300-AD96-F04C9BE3A801}"
EndProject
Global
	GlobalSection(SolutionConfigurationPlatforms) = preSolution
		Debug|Any CPU = Debug|Any CPU
		Release|Any CPU = Release|Any CPU
	EndGlobalSection
	GlobalSection(ProjectConfigurationPlatforms) = postSolution
		{D9834F39-72F8-4DF8-9ADC-D26CDF3283BC}.Debug|Any CPU.ActiveCfg = Debug|Any CPU
		{D9834F39-72F8-4DF8-9ADC-D26CDF3283BC}.Debug|Any CPU.Build.0 = Debug|Any CPU
		{D9834F39-72F8-4DF8-9ADC-D26CDF3283BC}.Release|Any CPU.ActiveCfg = Release|Any CPU
		{D9834F39-72F8-4DF8-9ADC-D26CDF3283BC}.Release|Any CPU.Build.0 = Release|Any CPU
		{CD6E5216-14DA-4300-AD96-F04C9BE3A801}.Debug|Any CPU.ActiveCfg = Debug|Any CPU
		{CD6E5216-14DA-4300-AD96-F04C9BE3A801}.Debug|Any CPU.Build.0 = Debug|Any CPU
		{CD6E5216-14DA-4300-AD96-F04C9BE3A801}.Release|Any CPU.ActiveCfg = Release|Any CPU
		{CD6E5216-14DA-4300-AD96-F04C9BE3A801}.Release|Any CPU.Build.0 = Release|Any CPU
	EndGlobalSection
	GlobalSection(SolutionProperties) = preSolution
		HideSolutionNode = FALSE
	EndGlobalSection
	GlobalSection(ExtensibilityGlobals) = postSolution
		SolutionGuid = {9592B107-84A3-4DF5-8821-CFB7D6D0D600}
	EndGlobalSection
EndGlobal
