
Microsoft Visual Studio Solution File, Format Version 12.00
# Visual Studio Version 17
VisualStudioVersion = 17.8.34511.84
MinimumVisualStudioVersion = 10.0.40219.1
Project("{2150E333-8FDC-42A3-9474-1A3956D46DE8}") = "Source", "Source", "{DA45EE0D-DEFA-4D8F-9DE0-3F1D72A6CAF3}"
EndProject
Project("{2150E333-8FDC-42A3-9474-1A3956D46DE8}") = "Tests", "Tests", "{4A2406A1-6AEF-408C-86FE-0B44FB0E634B}"
EndProject
Project("{9A19103F-16F7-4668-BE54-9A1E7A4F7556}") = "WidgetDrawingPackage.Tests", "Tests\WidgetDrawingPackage.Tests.csproj", "{FE129189-1B02-476F-B49B-CEC075EE56EC}"
EndProject
Project("{9A19103F-16F7-4668-BE54-9A1E7A4F7556}") = "WidgetDrawingPackage", "Source\WidgetDrawingPackage.csproj", "{36AFF9CC-D912-42CD-8E87-DD591C3A2FD2}"
EndProject
Global
	GlobalSection(SolutionConfigurationPlatforms) = preSolution
		Debug|Any CPU = Debug|Any CPU
		Release|Any CPU = Release|Any CPU
	EndGlobalSection
	GlobalSection(ProjectConfigurationPlatforms) = postSolution
		{FE129189-1B02-476F-B49B-CEC075EE56EC}.Debug|Any CPU.ActiveCfg = Debug|Any CPU
		{FE129189-1B02-476F-B49B-CEC075EE56EC}.Debug|Any CPU.Build.0 = Debug|Any CPU
		{FE129189-1B02-476F-B49B-CEC075EE56EC}.Release|Any CPU.ActiveCfg = Release|Any CPU
		{FE129189-1B02-476F-B49B-CEC075EE56EC}.Release|Any CPU.Build.0 = Release|Any CPU
		{36AFF9CC-D912-42CD-8E87-DD591C3A2FD2}.Debug|Any CPU.ActiveCfg = Debug|Any CPU
		{36AFF9CC-D912-42CD-8E87-DD591C3A2FD2}.Debug|Any CPU.Build.0 = Debug|Any CPU
		{36AFF9CC-D912-42CD-8E87-DD591C3A2FD2}.Release|Any CPU.ActiveCfg = Release|Any CPU
		{36AFF9CC-D912-42CD-8E87-DD591C3A2FD2}.Release|Any CPU.Build.0 = Release|Any CPU
	EndGlobalSection
	GlobalSection(SolutionProperties) = preSolution
		HideSolutionNode = FALSE
	EndGlobalSection
	GlobalSection(NestedProjects) = preSolution
		{FE129189-1B02-476F-B49B-CEC075EE56EC} = {4A2406A1-6AEF-408C-86FE-0B44FB0E634B}
		{36AFF9CC-D912-42CD-8E87-DD591C3A2FD2} = {DA45EE0D-DEFA-4D8F-9DE0-3F1D72A6CAF3}
	EndGlobalSection
	GlobalSection(ExtensibilityGlobals) = postSolution
		SolutionGuid = {9592B107-84A3-4DF5-8821-CFB7D6D0D600}
	EndGlobalSection
EndGlobal
